
Microsoft Visual Studio Solution File, Format Version 12.00
# Visual Studio Version 17
VisualStudioVersion = 17.5.002.0
MinimumVisualStudioVersion = 10.0.40219.1
Project("{9A19103F-16F7-4668-BE54-9A1E7A4F7556}") = "Задача 3", "Задача 3.csproj", "{A7B644B0-4C0F-4B58-81B5-86C38666B0CE}"
EndProject
Global
	GlobalSection(SolutionConfigurationPlatforms) = preSolution
		Debug|Any CPU = Debug|Any CPU
		Release|Any CPU = Release|Any CPU
	EndGlobalSection
	GlobalSection(ProjectConfigurationPlatforms) = postSolution
		{A7B644B0-4C0F-4B58-81B5-86C38666B0CE}.Debug|Any CPU.ActiveCfg = Debug|Any CPU
		{A7B644B0-4C0F-4B58-81B5-86C38666B0CE}.Debug|Any CPU.Build.0 = Debug|Any CPU
		{A7B644B0-4C0F-4B58-81B5-86C38666B0CE}.Release|Any CPU.ActiveCfg = Release|Any CPU
		{A7B644B0-4C0F-4B58-81B5-86C38666B0CE}.Release|Any CPU.Build.0 = Release|Any CPU
	EndGlobalSection
	GlobalSection(SolutionProperties) = preSolution
		HideSolutionNode = FALSE
	EndGlobalSection
	GlobalSection(ExtensibilityGlobals) = postSolution
		SolutionGuid = {DCA011F7-EF82-4C17-8583-271B98FF6472}
	EndGlobalSection
EndGlobal
